{
  "name": "osm-parser",
  "version": "0.0.0",
  "lockfileVersion": 1,
  "requires": true,
  "dependencies": {
    "@arijs/seek-bzip": {
      "version": "file:../../../d/dev/github/seek-bzip",
      "requires": {
        "commander": "^2.8.1"
      },
      "dependencies": {
        "commander": {
          "version": "2.19.0",
          "bundled": true
        },
        "debug": {
          "version": "2.0.0",
          "bundled": true,
          "requires": {
            "ms": "0.6.2"
          }
        },
        "diff": {
          "version": "1.4.0",
          "bundled": true
        },
        "escape-string-regexp": {
          "version": "1.0.2",
          "bundled": true
        },
        "glob": {
          "version": "3.2.3",
          "bundled": true,
          "requires": {
            "graceful-fs": "~2.0.0",
            "inherits": "2",
            "minimatch": "~0.2.11"
          }
        },
        "graceful-fs": {
          "version": "2.0.3",
          "bundled": true
        },
        "growl": {
          "version": "1.8.1",
          "bundled": true
        },
        "inherits": {
          "version": "2.0.3",
          "bundled": true
        },
        "jade": {
          "version": "0.26.3",
          "bundled": true,
          "requires": {
            "commander": "0.6.1",
            "mkdirp": "0.3.0"
          },
          "dependencies": {
            "commander": {
              "version": "0.6.1",
              "bundled": true
            },
            "mkdirp": {
              "version": "0.3.0",
              "bundled": true
            }
          }
        },
        "lru-cache": {
          "version": "2.7.3",
          "bundled": true
        },
        "minimatch": {
          "version": "0.2.14",
          "bundled": true,
          "requires": {
            "lru-cache": "2",
            "sigmund": "~1.0.0"
          }
        },
        "minimist": {
          "version": "0.0.8",
          "bundled": true
        },
        "mkdirp": {
          "version": "0.5.0",
          "bundled": true,
          "requires": {
            "minimist": "0.0.8"
          }
        },
        "mocha": {
          "version": "2.2.5",
          "bundled": true,
          "requires": {
            "commander": "2.3.0",
            "debug": "2.0.0",
            "diff": "1.4.0",
            "escape-string-regexp": "1.0.2",
            "glob": "3.2.3",
            "growl": "1.8.1",
            "jade": "0.26.3",
            "mkdirp": "0.5.0",
            "supports-color": "~1.2.0"
          },
          "dependencies": {
            "commander": {
              "version": "2.3.0",
              "bundled": true
            }
          }
        },
        "ms": {
          "version": "0.6.2",
          "bundled": true
        },
        "sigmund": {
          "version": "1.0.1",
          "bundled": true
        },
        "supports-color": {
          "version": "1.2.1",
          "bundled": true
        }
      }
    },
    "base64-js": {
      "version": "0.0.8",
      "resolved": "https://registry.npmjs.org/base64-js/-/base64-js-0.0.8.tgz",
      "integrity": "sha1-EQHpVE9KdrG8OybUUsqW16NeeXg="
    },
    "buffer": {
      "version": "3.6.0",
      "resolved": "http://registry.npmjs.org/buffer/-/buffer-3.6.0.tgz",
      "integrity": "sha1-pyyTb3e5a/UvX357RnGAYoVR3vs=",
      "requires": {
        "base64-js": "0.0.8",
        "ieee754": "^1.1.4",
        "isarray": "^1.0.0"
      }
    },
    "ieee754": {
      "version": "1.1.12",
      "resolved": "https://registry.npmjs.org/ieee754/-/ieee754-1.1.12.tgz",
      "integrity": "sha512-GguP+DRY+pJ3soyIiGPTvdiVXjZ+DbXOxGpXn3eMvNW4x4irjqXm4wHKscC+TfxSJ0yw/S1F24tqdMNsMZTiLA=="
    },
    "isarray": {
      "version": "1.0.0",
      "resolved": "https://registry.npmjs.org/isarray/-/isarray-1.0.0.tgz",
      "integrity": "sha1-u5NdSFgsuhaMBoNJV6VKPgcSTxE="
    },
    "node-xml-stream-parser": {
      "version": "github:mfahlandt/node-xml-stream-parser#395de35c1ca79cab83ff5e5e58a4d01c13931435",
      "from": "github:mfahlandt/node-xml-stream-parser"
    },
    "through": {
      "version": "2.3.8",
      "resolved": "http://registry.npmjs.org/through/-/through-2.3.8.tgz",
      "integrity": "sha1-DdTJ/6q8NXlgsbckEV1+Doai4fU="
    },
    "unbzip2-stream": {
      "version": "1.3.1",
      "resolved": "https://registry.npmjs.org/unbzip2-stream/-/unbzip2-stream-1.3.1.tgz",
      "integrity": "sha512-fIZnvdjblYs7Cru/xC6tCPVhz7JkYcVQQkePwMLyQELzYTds2Xn8QefPVnvdVhhZqubxNA1cASXEH5wcK0Bucw==",
      "requires": {
        "buffer": "^3.0.1",
        "through": "^2.3.6"
      }
    }
  }
}
